// !$*UTF8*$!
{
	archiveVersion = 1;
	classes = {
	};
	objectVersion = 51;
	objects = {

/* Begin PBXBuildFile section */
		145A5D5325000BE300D612DE /* AppDelegate.swift in Sources */ = {isa = PBXBuildFile; fileRef = 145A5D5225000BE300D612DE /* AppDelegate.swift */; };
		145A5D5525000BE300D612DE /* SceneDelegate.swift in Sources */ = {isa = PBXBuildFile; fileRef = 145A5D5425000BE300D612DE /* SceneDelegate.swift */; };
		145A5D5725000BE300D612DE /* MainViewController.swift in Sources */ = {isa = PBXBuildFile; fileRef = 145A5D5625000BE300D612DE /* MainViewController.swift */; };
		145A5D5A25000BE300D612DE /* Main.storyboard in Resources */ = {isa = PBXBuildFile; fileRef = 145A5D5825000BE300D612DE /* Main.storyboard */; };
		145A5D5D25000BE300D612DE /* AggieFeed.xcdatamodeld in Sources */ = {isa = PBXBuildFile; fileRef = 145A5D5B25000BE300D612DE /* AggieFeed.xcdatamodeld */; };
		145A5D5F25000BE600D612DE /* Assets.xcassets in Resources */ = {isa = PBXBuildFile; fileRef = 145A5D5E25000BE600D612DE /* Assets.xcassets */; };
		145A5D6225000BE600D612DE /* LaunchScreen.storyboard in Resources */ = {isa = PBXBuildFile; fileRef = 145A5D6025000BE600D612DE /* LaunchScreen.storyboard */; };
		145A5D6A25000E8200D612DE /* DetailViewController.swift in Sources */ = {isa = PBXBuildFile; fileRef = 145A5D6925000E8200D612DE /* DetailViewController.swift */; };
		14F263DD25015D5500B7C55C /* ActivityCell.swift in Sources */ = {isa = PBXBuildFile; fileRef = 14F263DC25015D5500B7C55C /* ActivityCell.swift */; };
		14F263DF2501611900B7C55C /* DetailCell.swift in Sources */ = {isa = PBXBuildFile; fileRef = 14F263DE2501611900B7C55C /* DetailCell.swift */; };
		FA36EEBCE4AD0352830C22E5 /* Pods_AggieFeed.framework in Frameworks */ = {isa = PBXBuildFile; fileRef = 78DB406C36809BB534C87DD6 /* Pods_AggieFeed.framework */; };
/* End PBXBuildFile section */

/* Begin PBXFileReference section */
		145A5D4F25000BE300D612DE /* AggieFeed.app */ = {isa = PBXFileReference; explicitFileType = wrapper.application; includeInIndex = 0; path = AggieFeed.app; sourceTree = BUILT_PRODUCTS_DIR; };
		145A5D5225000BE300D612DE /* AppDelegate.swift */ = {isa = PBXFileReference; lastKnownFileType = sourcecode.swift; path = AppDelegate.swift; sourceTree = "<group>"; };
		145A5D5425000BE300D612DE /* SceneDelegate.swift */ = {isa = PBXFileReference; lastKnownFileType = sourcecode.swift; path = SceneDelegate.swift; sourceTree = "<group>"; };
		145A5D5625000BE300D612DE /* MainViewController.swift */ = {isa = PBXFileReference; lastKnownFileType = sourcecode.swift; path = MainViewController.swift; sourceTree = "<group>"; };
		145A5D5925000BE300D612DE /* Base */ = {isa = PBXFileReference; lastKnownFileType = file.storyboard; name = Base; path = Base.lproj/Main.storyboard; sourceTree = "<group>"; };
		145A5D5C25000BE300D612DE /* AggieFeed.xcdatamodel */ = {isa = PBXFileReference; lastKnownFileType = wrapper.xcdatamodel; path = AggieFeed.xcdatamodel; sourceTree = "<group>"; };
		145A5D5E25000BE600D612DE /* Assets.xcassets */ = {isa = PBXFileReference; lastKnownFileType = folder.assetcatalog; path = Assets.xcassets; sourceTree = "<group>"; };
		145A5D6125000BE600D612DE /* Base */ = {isa = PBXFileReference; lastKnownFileType = file.storyboard; name = Base; path = Base.lproj/LaunchScreen.storyboard; sourceTree = "<group>"; };
		145A5D6325000BE600D612DE /* Info.plist */ = {isa = PBXFileReference; lastKnownFileType = text.plist.xml; path = Info.plist; sourceTree = "<group>"; };
		145A5D6925000E8200D612DE /* DetailViewController.swift */ = {isa = PBXFileReference; lastKnownFileType = sourcecode.swift; path = DetailViewController.swift; sourceTree = "<group>"; };
		14F263DC25015D5500B7C55C /* ActivityCell.swift */ = {isa = PBXFileReference; lastKnownFileType = sourcecode.swift; path = ActivityCell.swift; sourceTree = "<group>"; };
		14F263DE2501611900B7C55C /* DetailCell.swift */ = {isa = PBXFileReference; lastKnownFileType = sourcecode.swift; path = DetailCell.swift; sourceTree = "<group>"; };
		78DB406C36809BB534C87DD6 /* Pods_AggieFeed.framework */ = {isa = PBXFileReference; explicitFileType = wrapper.framework; includeInIndex = 0; path = Pods_AggieFeed.framework; sourceTree = BUILT_PRODUCTS_DIR; };
		BE6C355AFCCAB69C2BD96A03 /* Pods-AggieFeed.debug.xcconfig */ = {isa = PBXFileReference; includeInIndex = 1; lastKnownFileType = text.xcconfig; name = "Pods-AggieFeed.debug.xcconfig"; path = "Target Support Files/Pods-AggieFeed/Pods-AggieFeed.debug.xcconfig"; sourceTree = "<group>"; };
		D10B08B6FC454973B1C8CE2E /* Pods-AggieFeed.release.xcconfig */ = {isa = PBXFileReference; includeInIndex = 1; lastKnownFileType = text.xcconfig; name = "Pods-AggieFeed.release.xcconfig"; path = "Target Support Files/Pods-AggieFeed/Pods-AggieFeed.release.xcconfig"; sourceTree = "<group>"; };
/* End PBXFileReference section */

/* Begin PBXFrameworksBuildPhase section */
		145A5D4C25000BE300D612DE /* Frameworks */ = {
			isa = PBXFrameworksBuildPhase;
			buildActionMask = 2147483647;
			files = (
				FA36EEBCE4AD0352830C22E5 /* Pods_AggieFeed.framework in Frameworks */,
			);
			runOnlyForDeploymentPostprocessing = 0;
		};
/* End PBXFrameworksBuildPhase section */

/* Begin PBXGroup section */
		14031B0B2500670D0029191A /* Supporting Files */ = {
			isa = PBXGroup;
			children = (
				145A5D5E25000BE600D612DE /* Assets.xcassets */,
				145A5D6025000BE600D612DE /* LaunchScreen.storyboard */,
				145A5D5B25000BE300D612DE /* AggieFeed.xcdatamodeld */,
			);
			path = "Supporting Files";
			sourceTree = "<group>";
		};
		145A5D4625000BE300D612DE = {
			isa = PBXGroup;
			children = (
				145A5D5125000BE300D612DE /* AggieFeed */,
				145A5D5025000BE300D612DE /* Products */,
				A4F570F7336BAF7B8F1D1A00 /* Pods */,
				499D3D451924E42A8F39CF55 /* Frameworks */,
			);
			sourceTree = "<group>";
		};
		145A5D5025000BE300D612DE /* Products */ = {
			isa = PBXGroup;
			children = (
				145A5D4F25000BE300D612DE /* AggieFeed.app */,
			);
			name = Products;
			sourceTree = "<group>";
		};
		145A5D5125000BE300D612DE /* AggieFeed */ = {
			isa = PBXGroup;
			children = (
				145A5D5225000BE300D612DE /* AppDelegate.swift */,
				145A5D5425000BE300D612DE /* SceneDelegate.swift */,
				14F263E025016AAE00B7C55C /* Model */,
				14F263E125016AB900B7C55C /* View */,
				14F263E225016ABD00B7C55C /* Controller */,
				145A5D6325000BE600D612DE /* Info.plist */,
				14031B0B2500670D0029191A /* Supporting Files */,
			);
			path = AggieFeed;
			sourceTree = "<group>";
		};
		14F263E025016AAE00B7C55C /* Model */ = {
			isa = PBXGroup;
			children = (
				14F263DC25015D5500B7C55C /* ActivityCell.swift */,
				14F263DE2501611900B7C55C /* DetailCell.swift */,
			);
			path = Model;
			sourceTree = "<group>";
		};
		14F263E125016AB900B7C55C /* View */ = {
			isa = PBXGroup;
			children = (
				145A5D5825000BE300D612DE /* Main.storyboard */,
			);
			path = View;
			sourceTree = "<group>";
		};
		14F263E225016ABD00B7C55C /* Controller */ = {
			isa = PBXGroup;
			children = (
				145A5D5625000BE300D612DE /* MainViewController.swift */,
				145A5D6925000E8200D612DE /* DetailViewController.swift */,
			);
			path = Controller;
			sourceTree = "<group>";
		};
		499D3D451924E42A8F39CF55 /* Frameworks */ = {
			isa = PBXGroup;
			children = (
				78DB406C36809BB534C87DD6 /* Pods_AggieFeed.framework */,
			);
			name = Frameworks;
			sourceTree = "<group>";
		};
		A4F570F7336BAF7B8F1D1A00 /* Pods */ = {
			isa = PBXGroup;
			children = (
				BE6C355AFCCAB69C2BD96A03 /* Pods-AggieFeed.debug.xcconfig */,
				D10B08B6FC454973B1C8CE2E /* Pods-AggieFeed.release.xcconfig */,
			);
			path = Pods;
			sourceTree = "<group>";
		};
/* End PBXGroup section */

/* Begin PBXNativeTarget section */
		145A5D4E25000BE300D612DE /* AggieFeed */ = {
			isa = PBXNativeTarget;
			buildConfigurationList = 145A5D6625000BE600D612DE /* Build configuration list for PBXNativeTarget "AggieFeed" */;
			buildPhases = (
				37E9FC814C9363F206EB83F0 /* [CP] Check Pods Manifest.lock */,
				145A5D4B25000BE300D612DE /* Sources */,
				145A5D4C25000BE300D612DE /* Frameworks */,
				145A5D4D25000BE300D612DE /* Resources */,
				1FA531792BC1DF1FB4769639 /* [CP] Embed Pods Frameworks */,
			);
			buildRules = (
			);
			dependencies = (
			);
			name = AggieFeed;
			productName = AggieFeed;
			productReference = 145A5D4F25000BE300D612DE /* AggieFeed.app */;
			productType = "com.apple.product-type.application";
		};
/* End PBXNativeTarget section */

/* Begin PBXProject section */
		145A5D4725000BE300D612DE /* Project object */ = {
			isa = PBXProject;
			attributes = {
				LastSwiftUpdateCheck = 1170;
				LastUpgradeCheck = 1170;
				ORGANIZATIONNAME = "Karl Goeltner";
				TargetAttributes = {
					145A5D4E25000BE300D612DE = {
						CreatedOnToolsVersion = 11.7;
					};
				};
			};
			buildConfigurationList = 145A5D4A25000BE300D612DE /* Build configuration list for PBXProject "AggieFeed" */;
			compatibilityVersion = "Xcode 9.3";
			developmentRegion = en;
			hasScannedForEncodings = 0;
			knownRegions = (
				en,
				Base,
			);
			mainGroup = 145A5D4625000BE300D612DE;
			productRefGroup = 145A5D5025000BE300D612DE /* Products */;
			projectDirPath = "";
			projectRoot = "";
			targets = (
				145A5D4E25000BE300D612DE /* AggieFeed */,
			);
		};
/* End PBXProject section */

/* Begin PBXResourcesBuildPhase section */
		145A5D4D25000BE300D612DE /* Resources */ = {
			isa = PBXResourcesBuildPhase;
			buildActionMask = 2147483647;
			files = (
				145A5D6225000BE600D612DE /* LaunchScreen.storyboard in Resources */,
				145A5D5F25000BE600D612DE /* Assets.xcassets in Resources */,
				145A5D5A25000BE300D612DE /* Main.storyboard in Resources */,
			);
			runOnlyForDeploymentPostprocessing = 0;
		};
/* End PBXResourcesBuildPhase section */

/* Begin PBXShellScriptBuildPhase section */
		1FA531792BC1DF1FB4769639 /* [CP] Embed Pods Frameworks */ = {
			isa = PBXShellScriptBuildPhase;
			buildActionMask = 2147483647;
			files = (
			);
			inputFileListPaths = (
				"${PODS_ROOT}/Target Support Files/Pods-AggieFeed/Pods-AggieFeed-frameworks-${CONFIGURATION}-input-files.xcfilelist",
			);
			name = "[CP] Embed Pods Frameworks";
			outputFileListPaths = (
				"${PODS_ROOT}/Target Support Files/Pods-AggieFeed/Pods-AggieFeed-frameworks-${CONFIGURATION}-output-files.xcfilelist",
			);
			runOnlyForDeploymentPostprocessing = 0;
			shellPath = /bin/sh;
			shellScript = "\"${PODS_ROOT}/Target Support Files/Pods-AggieFeed/Pods-AggieFeed-frameworks.sh\"\n";
			showEnvVarsInLog = 0;
		};
		37E9FC814C9363F206EB83F0 /* [CP] Check Pods Manifest.lock */ = {
			isa = PBXShellScriptBuildPhase;
			buildActionMask = 2147483647;
			files = (
			);
			inputFileListPaths = (
			);
			inputPaths = (
				"${PODS_PODFILE_DIR_PATH}/Podfile.lock",
				"${PODS_ROOT}/Manifest.lock",
			);
			name = "[CP] Check Pods Manifest.lock";
			outputFileListPaths = (
			);
			outputPaths = (
				"$(DERIVED_FILE_DIR)/Pods-AggieFeed-checkManifestLockResult.txt",
			);
			runOnlyForDeploymentPostprocessing = 0;
			shellPath = /bin/sh;
			shellScript = "diff \"${PODS_PODFILE_DIR_PATH}/Podfile.lock\" \"${PODS_ROOT}/Manifest.lock\" > /dev/null\nif [ $? != 0 ] ; then\n    # print error to STDERR\n    echo \"error: The sandbox is not in sync with the Podfile.lock. Run 'pod install' or update your CocoaPods installation.\" >&2\n    exit 1\nfi\n# This output is used by Xcode 'outputs' to avoid re-running this script phase.\necho \"SUCCESS\" > \"${SCRIPT_OUTPUT_FILE_0}\"\n";
			showEnvVarsInLog = 0;
		};
/* End PBXShellScriptBuildPhase section */

/* Begin PBXSourcesBuildPhase section */
		145A5D4B25000BE300D612DE /* Sources */ = {
			isa = PBXSourcesBuildPhase;
			buildActionMask = 2147483647;
			files = (
				145A5D5725000BE300D612DE /* MainViewController.swift in Sources */,
				145A5D5325000BE300D612DE /* AppDelegate.swift in Sources */,
				145A5D6A25000E8200D612DE /* DetailViewController.swift in Sources */,
				145A5D5525000BE300D612DE /* SceneDelegate.swift in Sources */,
				14F263DD25015D5500B7C55C /* ActivityCell.swift in Sources */,
				14F263DF2501611900B7C55C /* DetailCell.swift in Sources */,
				145A5D5D25000BE300D612DE /* AggieFeed.xcdatamodeld in Sources */,
			);
			runOnlyForDeploymentPostprocessing = 0;
		};
/* End PBXSourcesBuildPhase section */

/* Begin PBXVariantGroup section */
		145A5D5825000BE300D612DE /* Main.storyboard */ = {
			isa = PBXVariantGroup;
			children = (
				145A5D5925000BE300D612DE /* Base */,
			);
			name = Main.storyboard;
			sourceTree = "<group>";
		};
		145A5D6025000BE600D612DE /* LaunchScreen.storyboard */ = {
			isa = PBXVariantGroup;
			children = (
				145A5D6125000BE600D612DE /* Base */,
			);
			name = LaunchScreen.storyboard;
			sourceTree = "<group>";
		};
/* End PBXVariantGroup section */

/* Begin XCBuildConfiguration section */
		145A5D6425000BE600D612DE /* Debug */ = {
			isa = XCBuildConfiguration;
			buildSettings = {
				ALWAYS_SEARCH_USER_PATHS = NO;
				CLANG_ANALYZER_NONNULL = YES;
				CLANG_ANALYZER_NUMBER_OBJECT_CONVERSION = YES_AGGRESSIVE;
				CLANG_CXX_LANGUAGE_STANDARD = "gnu++14";
				CLANG_CXX_LIBRARY = "libc++";
				CLANG_ENABLE_MODULES = YES;
				CLANG_ENABLE_OBJC_ARC = YES;
				CLANG_ENABLE_OBJC_WEAK = YES;
				CLANG_WARN_BLOCK_CAPTURE_AUTORELEASING = YES;
				CLANG_WARN_BOOL_CONVERSION = YES;
				CLANG_WARN_COMMA = YES;
				CLANG_WARN_CONSTANT_CONVERSION = YES;
				CLANG_WARN_DEPRECATED_OBJC_IMPLEMENTATIONS = YES;
				CLANG_WARN_DIRECT_OBJC_ISA_USAGE = YES_ERROR;
				CLANG_WARN_DOCUMENTATION_COMMENTS = YES;
				CLANG_WARN_EMPTY_BODY = YES;
				CLANG_WARN_ENUM_CONVERSION = YES;
				CLANG_WARN_INFINITE_RECURSION = YES;
				CLANG_WARN_INT_CONVERSION = YES;
				CLANG_WARN_NON_LITERAL_NULL_CONVERSION = YES;
				CLANG_WARN_OBJC_IMPLICIT_RETAIN_SELF = YES;
				CLANG_WARN_OBJC_LITERAL_CONVERSION = YES;
				CLANG_WARN_OBJC_ROOT_CLASS = YES_ERROR;
				CLANG_WARN_RANGE_LOOP_ANALYSIS = YES;
				CLANG_WARN_STRICT_PROTOTYPES = YES;
				CLANG_WARN_SUSPICIOUS_MOVE = YES;
				CLANG_WARN_UNGUARDED_AVAILABILITY = YES_AGGRESSIVE;
				CLANG_WARN_UNREACHABLE_CODE = YES;
				CLANG_WARN__DUPLICATE_METHOD_MATCH = YES;
				COPY_PHASE_STRIP = NO;
				DEBUG_INFORMATION_FORMAT = dwarf;
				ENABLE_STRICT_OBJC_MSGSEND = YES;
				ENABLE_TESTABILITY = YES;
				GCC_C_LANGUAGE_STANDARD = gnu11;
				GCC_DYNAMIC_NO_PIC = NO;
				GCC_NO_COMMON_BLOCKS = YES;
				GCC_OPTIMIZATION_LEVEL = 0;
				GCC_PREPROCESSOR_DEFINITIONS = (
					"DEBUG=1",
					"$(inherited)",
				);
				GCC_WARN_64_TO_32_BIT_CONVERSION = YES;
				GCC_WARN_ABOUT_RETURN_TYPE = YES_ERROR;
				GCC_WARN_UNDECLARED_SELECTOR = YES;
				GCC_WARN_UNINITIALIZED_AUTOS = YES_AGGRESSIVE;
				GCC_WARN_UNUSED_FUNCTION = YES;
				GCC_WARN_UNUSED_VARIABLE = YES;
				IPHONEOS_DEPLOYMENT_TARGET = 13.7;
				MTL_ENABLE_DEBUG_INFO = INCLUDE_SOURCE;
				MTL_FAST_MATH = YES;
				ONLY_ACTIVE_ARCH = YES;
				SDKROOT = iphoneos;
				SWIFT_ACTIVE_COMPILATION_CONDITIONS = DEBUG;
				SWIFT_OPTIMIZATION_LEVEL = "-Onone";
			};
			name = Debug;
		};
		145A5D6525000BE600D612DE /* Release */ = {
			isa = XCBuildConfiguration;
			buildSettings = {
				ALWAYS_SEARCH_USER_PATHS = NO;
				CLANG_ANALYZER_NONNULL = YES;
				CLANG_ANALYZER_NUMBER_OBJECT_CONVERSION = YES_AGGRESSIVE;
				CLANG_CXX_LANGUAGE_STANDARD = "gnu++14";
				CLANG_CXX_LIBRARY = "libc++";
				CLANG_ENABLE_MODULES = YES;
				CLANG_ENABLE_OBJC_ARC = YES;
				CLANG_ENABLE_OBJC_WEAK = YES;
				CLANG_WARN_BLOCK_CAPTURE_AUTORELEASING = YES;
				CLANG_WARN_BOOL_CONVERSION = YES;
				CLANG_WARN_COMMA = YES;
				CLANG_WARN_CONSTANT_CONVERSION = YES;
				CLANG_WARN_DEPRECATED_OBJC_IMPLEMENTATIONS = YES;
				CLANG_WARN_DIRECT_OBJC_ISA_USAGE = YES_ERROR;
				CLANG_WARN_DOCUMENTATION_COMMENTS = YES;
				CLANG_WARN_EMPTY_BODY = YES;
				CLANG_WARN_ENUM_CONVERSION = YES;
				CLANG_WARN_INFINITE_RECURSION = YES;
				CLANG_WARN_INT_CONVERSION = YES;
				CLANG_WARN_NON_LITERAL_NULL_CONVERSION = YES;
				CLANG_WARN_OBJC_IMPLICIT_RETAIN_SELF = YES;
				CLANG_WARN_OBJC_LITERAL_CONVERSION = YES;
				CLANG_WARN_OBJC_ROOT_CLASS = YES_ERROR;
				CLANG_WARN_RANGE_LOOP_ANALYSIS = YES;
				CLANG_WARN_STRICT_PROTOTYPES = YES;
				CLANG_WARN_SUSPICIOUS_MOVE = YES;
				CLANG_WARN_UNGUARDED_AVAILABILITY = YES_AGGRESSIVE;
				CLANG_WARN_UNREACHABLE_CODE = YES;
				CLANG_WARN__DUPLICATE_METHOD_MATCH = YES;
				COPY_PHASE_STRIP = NO;
				DEBUG_INFORMATION_FORMAT = "dwarf-with-dsym";
				ENABLE_NS_ASSERTIONS = NO;
				ENABLE_STRICT_OBJC_MSGSEND = YES;
				GCC_C_LANGUAGE_STANDARD = gnu11;
				GCC_NO_COMMON_BLOCKS = YES;
				GCC_WARN_64_TO_32_BIT_CONVERSION = YES;
				GCC_WARN_ABOUT_RETURN_TYPE = YES_ERROR;
				GCC_WARN_UNDECLARED_SELECTOR = YES;
				GCC_WARN_UNINITIALIZED_AUTOS = YES_AGGRESSIVE;
				GCC_WARN_UNUSED_FUNCTION = YES;
				GCC_WARN_UNUSED_VARIABLE = YES;
				IPHONEOS_DEPLOYMENT_TARGET = 13.7;
				MTL_ENABLE_DEBUG_INFO = NO;
				MTL_FAST_MATH = YES;
				SDKROOT = iphoneos;
				SWIFT_COMPILATION_MODE = wholemodule;
				SWIFT_OPTIMIZATION_LEVEL = "-O";
				VALIDATE_PRODUCT = YES;
			};
			name = Release;
		};
		145A5D6725000BE600D612DE /* Debug */ = {
			isa = XCBuildConfiguration;
			baseConfigurationReference = BE6C355AFCCAB69C2BD96A03 /* Pods-AggieFeed.debug.xcconfig */;
			buildSettings = {
				ASSETCATALOG_COMPILER_APPICON_NAME = AppIcon;
				CODE_SIGN_STYLE = Automatic;
				DEVELOPMENT_TEAM = 6ZMKVWU9U8;
				INFOPLIST_FILE = AggieFeed/Info.plist;
				LD_RUNPATH_SEARCH_PATHS = (
					"$(inherited)",
					"@executable_path/Frameworks",
				);
				PRODUCT_BUNDLE_IDENTIFIER = com.kgoeltner.AggieFeed;
				PRODUCT_NAME = "$(TARGET_NAME)";
				SWIFT_VERSION = 5.0;
				TARGETED_DEVICE_FAMILY = "1,2";
			};
			name = Debug;
		};
		145A5D6825000BE600D612DE /* Release */ = {
			isa = XCBuildConfiguration;
			baseConfigurationReference = D10B08B6FC454973B1C8CE2E /* Pods-AggieFeed.release.xcconfig */;
			buildSettings = {
				ASSETCATALOG_COMPILER_APPICON_NAME = AppIcon;
				CODE_SIGN_STYLE = Automatic;
				DEVELOPMENT_TEAM = 6ZMKVWU9U8;
				INFOPLIST_FILE = AggieFeed/Info.plist;
				LD_RUNPATH_SEARCH_PATHS = (
					"$(inherited)",
					"@executable_path/Frameworks",
				);
				PRODUCT_BUNDLE_IDENTIFIER = com.kgoeltner.AggieFeed;
				PRODUCT_NAME = "$(TARGET_NAME)";
				SWIFT_VERSION = 5.0;
				TARGETED_DEVICE_FAMILY = "1,2";
			};
			name = Release;
		};
/* End XCBuildConfiguration section */

/* Begin XCConfigurationList section */
		145A5D4A25000BE300D612DE /* Build configuration list for PBXProject "AggieFeed" */ = {
			isa = XCConfigurationList;
			buildConfigurations = (
				145A5D6425000BE600D612DE /* Debug */,
				145A5D6525000BE600D612DE /* Release */,
			);
			defaultConfigurationIsVisible = 0;
			defaultConfigurationName = Release;
		};
		145A5D6625000BE600D612DE /* Build configuration list for PBXNativeTarget "AggieFeed" */ = {
			isa = XCConfigurationList;
			buildConfigurations = (
				145A5D6725000BE600D612DE /* Debug */,
				145A5D6825000BE600D612DE /* Release */,
			);
			defaultConfigurationIsVisible = 0;
			defaultConfigurationName = Release;
		};
/* End XCConfigurationList section */

/* Begin XCVersionGroup section */
		145A5D5B25000BE300D612DE /* AggieFeed.xcdatamodeld */ = {
			isa = XCVersionGroup;
			children = (
				145A5D5C25000BE300D612DE /* AggieFeed.xcdatamodel */,
			);
			currentVersion = 145A5D5C25000BE300D612DE /* AggieFeed.xcdatamodel */;
			path = AggieFeed.xcdatamodeld;
			sourceTree = "<group>";
			versionGroupType = wrapper.xcdatamodel;
		};
/* End XCVersionGroup section */
	};
	rootObject = 145A5D4725000BE300D612DE /* Project object */;
}
